
Microsoft Visual Studio Solution File, Format Version 12.00
Project("{FAE04EC0-301F-11D3-BF4B-00C04F79EFBC}") = "Core", "Core\Core.csproj", "{0C79C2F5-87F3-42B7-BB74-51F15AA9AC16}"
EndProject
Project("{FAE04EC0-301F-11D3-BF4B-00C04F79EFBC}") = "DesktopWin", "DesktopWin\DesktopWin.csproj", "{C0E111E1-925B-423E-8BA2-7E42BF0C57E5}"
EndProject
Global
	GlobalSection(SolutionConfigurationPlatforms) = preSolution
		Debug|Any CPU = Debug|Any CPU
		Release|Any CPU = Release|Any CPU
	EndGlobalSection
	GlobalSection(ProjectConfigurationPlatforms) = postSolution
		{0C79C2F5-87F3-42B7-BB74-51F15AA9AC16}.Debug|Any CPU.ActiveCfg = Debug|Any CPU
		{0C79C2F5-87F3-42B7-BB74-51F15AA9AC16}.Debug|Any CPU.Build.0 = Debug|Any CPU
		{0C79C2F5-87F3-42B7-BB74-51F15AA9AC16}.Release|Any CPU.ActiveCfg = Release|Any CPU
		{0C79C2F5-87F3-42B7-BB74-51F15AA9AC16}.Release|Any CPU.Build.0 = Release|Any CPU
		{C0E111E1-925B-423E-8BA2-7E42BF0C57E5}.Debug|Any CPU.ActiveCfg = Debug|Any CPU
		{C0E111E1-925B-423E-8BA2-7E42BF0C57E5}.Debug|Any CPU.Build.0 = Debug|Any CPU
		{C0E111E1-925B-423E-8BA2-7E42BF0C57E5}.Release|Any CPU.ActiveCfg = Release|Any CPU
		{C0E111E1-925B-423E-8BA2-7E42BF0C57E5}.Release|Any CPU.Build.0 = Release|Any CPU
	EndGlobalSection
	GlobalSection(SolutionProperties) = preSolution
		HideSolutionNode = FALSE
	EndGlobalSection
EndGlobal
